
Microsoft Visual Studio Solution File, Format Version 12.00
# Visual Studio Version 16
VisualStudioVersion = 16.0.31424.327
MinimumVisualStudioVersion = 10.0.40219.1
Project("{FAE04EC0-301F-11D3-BF4B-00C04F79EFBC}") = "ThirdPartyAPIcall", "ThirdPartyAPIcall\ThirdPartyAPIcall.csproj", "{3C1521DD-1D0D-47D6-86F5-8EED5737C534}"
EndProject
Global
	GlobalSection(SolutionConfigurationPlatforms) = preSolution
		Debug|Any CPU = Debug|Any CPU
		Release|Any CPU = Release|Any CPU
	EndGlobalSection
	GlobalSection(ProjectConfigurationPlatforms) = postSolution
		{3C1521DD-1D0D-47D6-86F5-8EED5737C534}.Debug|Any CPU.ActiveCfg = Debug|Any CPU
		{3C1521DD-1D0D-47D6-86F5-8EED5737C534}.Debug|Any CPU.Build.0 = Debug|Any CPU
		{3C1521DD-1D0D-47D6-86F5-8EED5737C534}.Release|Any CPU.ActiveCfg = Release|Any CPU
		{3C1521DD-1D0D-47D6-86F5-8EED5737C534}.Release|Any CPU.Build.0 = Release|Any CPU
	EndGlobalSection
	GlobalSection(SolutionProperties) = preSolution
		HideSolutionNode = FALSE
	EndGlobalSection
	GlobalSection(ExtensibilityGlobals) = postSolution
		SolutionGuid = {2FA1DF05-D5C0-4EFA-96F1-8F931CF52D65}
	EndGlobalSection
EndGlobal
