
Microsoft Visual Studio Solution File, Format Version 12.00
# Visual Studio Version 16
VisualStudioVersion = 16.0.31424.327
MinimumVisualStudioVersion = 10.0.40219.1
Project("{FAE04EC0-301F-11D3-BF4B-00C04F79EFBC}") = "CaptchaValidationVersion3", "CaptchaValidationVersion3\CaptchaValidationVersion3.csproj", "{A24884F3-6DC6-4593-9E5C-1A8A132BDD1E}"
EndProject
Global
	GlobalSection(SolutionConfigurationPlatforms) = preSolution
		Debug|Any CPU = Debug|Any CPU
		Release|Any CPU = Release|Any CPU
	EndGlobalSection
	GlobalSection(ProjectConfigurationPlatforms) = postSolution
		{A24884F3-6DC6-4593-9E5C-1A8A132BDD1E}.Debug|Any CPU.ActiveCfg = Debug|Any CPU
		{A24884F3-6DC6-4593-9E5C-1A8A132BDD1E}.Debug|Any CPU.Build.0 = Debug|Any CPU
		{A24884F3-6DC6-4593-9E5C-1A8A132BDD1E}.Release|Any CPU.ActiveCfg = Release|Any CPU
		{A24884F3-6DC6-4593-9E5C-1A8A132BDD1E}.Release|Any CPU.Build.0 = Release|Any CPU
	EndGlobalSection
	GlobalSection(SolutionProperties) = preSolution
		HideSolutionNode = FALSE
	EndGlobalSection
	GlobalSection(ExtensibilityGlobals) = postSolution
		SolutionGuid = {4565E8BF-10B3-441C-9A90-E9F4F1968FE3}
	EndGlobalSection
EndGlobal
