
Microsoft Visual Studio Solution File, Format Version 12.00
# Visual Studio Version 16
VisualStudioVersion = 16.0.31424.327
MinimumVisualStudioVersion = 10.0.40219.1
Project("{9A19103F-16F7-4668-BE54-9A1E7A4F7556}") = "CSharpAdvTopics", "CSharpAdvTopics\CSharpAdvTopics.csproj", "{681B71DF-BA6F-4B13-A354-A4AC273C371B}"
EndProject
Project("{FAE04EC0-301F-11D3-BF4B-00C04F79EFBC}") = "PracticeRandomProblem", "PracticeRandomProblem\PracticeRandomProblem.csproj", "{8105586D-0BBD-4E3F-8AFE-E0EF1ABFFAE6}"
EndProject
Global
	GlobalSection(SolutionConfigurationPlatforms) = preSolution
		Debug|Any CPU = Debug|Any CPU
		Release|Any CPU = Release|Any CPU
	EndGlobalSection
	GlobalSection(ProjectConfigurationPlatforms) = postSolution
		{681B71DF-BA6F-4B13-A354-A4AC273C371B}.Debug|Any CPU.ActiveCfg = Debug|Any CPU
		{681B71DF-BA6F-4B13-A354-A4AC273C371B}.Debug|Any CPU.Build.0 = Debug|Any CPU
		{681B71DF-BA6F-4B13-A354-A4AC273C371B}.Release|Any CPU.ActiveCfg = Release|Any CPU
		{681B71DF-BA6F-4B13-A354-A4AC273C371B}.Release|Any CPU.Build.0 = Release|Any CPU
		{8105586D-0BBD-4E3F-8AFE-E0EF1ABFFAE6}.Debug|Any CPU.ActiveCfg = Debug|Any CPU
		{8105586D-0BBD-4E3F-8AFE-E0EF1ABFFAE6}.Debug|Any CPU.Build.0 = Debug|Any CPU
		{8105586D-0BBD-4E3F-8AFE-E0EF1ABFFAE6}.Release|Any CPU.ActiveCfg = Release|Any CPU
		{8105586D-0BBD-4E3F-8AFE-E0EF1ABFFAE6}.Release|Any CPU.Build.0 = Release|Any CPU
	EndGlobalSection
	GlobalSection(SolutionProperties) = preSolution
		HideSolutionNode = FALSE
	EndGlobalSection
	GlobalSection(ExtensibilityGlobals) = postSolution
		SolutionGuid = {26BD8D82-2ACE-48B0-AB59-D352ACC2F691}
	EndGlobalSection
EndGlobal
